
Microsoft Visual Studio Solution File, Format Version 12.00
# Visual Studio Version 17
VisualStudioVersion = 17.5.002.0
MinimumVisualStudioVersion = 10.0.40219.1
Project("{9A19103F-16F7-4668-BE54-9A1E7A4F7556}") = "FormsApp", "FormsApp.csproj", "{D51E8FD2-6901-4529-B7A2-2F2FE15B5A5C}"
EndProject
Global
	GlobalSection(SolutionConfigurationPlatforms) = preSolution
		Debug|Any CPU = Debug|Any CPU
		Release|Any CPU = Release|Any CPU
	EndGlobalSection
	GlobalSection(ProjectConfigurationPlatforms) = postSolution
		{D51E8FD2-6901-4529-B7A2-2F2FE15B5A5C}.Debug|Any CPU.ActiveCfg = Debug|Any CPU
		{D51E8FD2-6901-4529-B7A2-2F2FE15B5A5C}.Debug|Any CPU.Build.0 = Debug|Any CPU
		{D51E8FD2-6901-4529-B7A2-2F2FE15B5A5C}.Release|Any CPU.ActiveCfg = Release|Any CPU
		{D51E8FD2-6901-4529-B7A2-2F2FE15B5A5C}.Release|Any CPU.Build.0 = Release|Any CPU
	EndGlobalSection
	GlobalSection(SolutionProperties) = preSolution
		HideSolutionNode = FALSE
	EndGlobalSection
	GlobalSection(ExtensibilityGlobals) = postSolution
		SolutionGuid = {8826B9A3-D79B-4D86-9DE0-28F42A6E7094}
	EndGlobalSection
EndGlobal
